
Microsoft Visual Studio Solution File, Format Version 12.00
# Visual Studio Version 17
VisualStudioVersion = 17.0.32112.339
MinimumVisualStudioVersion = 10.0.40219.1
Project("{FAE04EC0-301F-11D3-BF4B-00C04F79EFBC}") = "TtfToCpp", "TtfToCpp\TtfToCpp.csproj", "{8765379B-3E76-4CB8-8C07-0B7501EB215E}"
EndProject
Global
	GlobalSection(SolutionConfigurationPlatforms) = preSolution
		Debug|Any CPU = Debug|Any CPU
		Release|Any CPU = Release|Any CPU
	EndGlobalSection
	GlobalSection(ProjectConfigurationPlatforms) = postSolution
		{8765379B-3E76-4CB8-8C07-0B7501EB215E}.Debug|Any CPU.ActiveCfg = Debug|Any CPU
		{8765379B-3E76-4CB8-8C07-0B7501EB215E}.Debug|Any CPU.Build.0 = Debug|Any CPU
		{8765379B-3E76-4CB8-8C07-0B7501EB215E}.Release|Any CPU.ActiveCfg = Release|Any CPU
		{8765379B-3E76-4CB8-8C07-0B7501EB215E}.Release|Any CPU.Build.0 = Release|Any CPU
	EndGlobalSection
	GlobalSection(SolutionProperties) = preSolution
		HideSolutionNode = FALSE
	EndGlobalSection
	GlobalSection(ExtensibilityGlobals) = postSolution
		SolutionGuid = {830D58D9-6C1B-4C28-9B30-02397CDF5EEB}
	EndGlobalSection
EndGlobal
